
Microsoft Visual Studio Solution File, Format Version 12.00
# Visual Studio 15
VisualStudioVersion = 15.0.28307.1259
MinimumVisualStudioVersion = 10.0.40219.1
Project("{FAE04EC0-301F-11D3-BF4B-00C04F79EFBC}") = "ServerCodeMtk-P2-006", "ServerCodeMtk-P2-006\ServerCodeMtk-P2-006.csproj", "{764EB288-6C15-4D19-8B44-684301ADD800}"
EndProject
Global
	GlobalSection(SolutionConfigurationPlatforms) = preSolution
		Debug|Any CPU = Debug|Any CPU
		Release|Any CPU = Release|Any CPU
	EndGlobalSection
	GlobalSection(ProjectConfigurationPlatforms) = postSolution
		{764EB288-6C15-4D19-8B44-684301ADD800}.Debug|Any CPU.ActiveCfg = Debug|Any CPU
		{764EB288-6C15-4D19-8B44-684301ADD800}.Debug|Any CPU.Build.0 = Debug|Any CPU
		{764EB288-6C15-4D19-8B44-684301ADD800}.Release|Any CPU.ActiveCfg = Release|Any CPU
		{764EB288-6C15-4D19-8B44-684301ADD800}.Release|Any CPU.Build.0 = Release|Any CPU
	EndGlobalSection
	GlobalSection(SolutionProperties) = preSolution
		HideSolutionNode = FALSE
	EndGlobalSection
	GlobalSection(ExtensibilityGlobals) = postSolution
		SolutionGuid = {1FA2BE98-57FA-423E-A536-F0B815319349}
	EndGlobalSection
EndGlobal
